
Microsoft Visual Studio Solution File, Format Version 12.00
# Visual Studio Version 16
VisualStudioVersion = 16.0.31105.61
MinimumVisualStudioVersion = 10.0.40219.1
Project("{FAE04EC0-301F-11D3-BF4B-00C04F79EFBC}") = "RegistrationForm", "RegistrationForm\RegistrationForm.csproj", "{95CF1BD8-E700-4B4A-B7E3-6F51EB1E0B04}"
EndProject
Global
	GlobalSection(SolutionConfigurationPlatforms) = preSolution
		Debug|Any CPU = Debug|Any CPU
		Release|Any CPU = Release|Any CPU
	EndGlobalSection
	GlobalSection(ProjectConfigurationPlatforms) = postSolution
		{95CF1BD8-E700-4B4A-B7E3-6F51EB1E0B04}.Debug|Any CPU.ActiveCfg = Debug|Any CPU
		{95CF1BD8-E700-4B4A-B7E3-6F51EB1E0B04}.Debug|Any CPU.Build.0 = Debug|Any CPU
		{95CF1BD8-E700-4B4A-B7E3-6F51EB1E0B04}.Release|Any CPU.ActiveCfg = Release|Any CPU
		{95CF1BD8-E700-4B4A-B7E3-6F51EB1E0B04}.Release|Any CPU.Build.0 = Release|Any CPU
	EndGlobalSection
	GlobalSection(SolutionProperties) = preSolution
		HideSolutionNode = FALSE
	EndGlobalSection
	GlobalSection(ExtensibilityGlobals) = postSolution
		SolutionGuid = {B0789798-1B56-412B-A456-94395CAF5627}
	EndGlobalSection
EndGlobal
