
Microsoft Visual Studio Solution File, Format Version 12.00
# Visual Studio Version 16
VisualStudioVersion = 16.0.30804.86
MinimumVisualStudioVersion = 10.0.40219.1
Project("{FAE04EC0-301F-11D3-BF4B-00C04F79EFBC}") = "Predpr", "Predpr\Predpr.csproj", "{FFABB979-68F5-4F70-A539-E82226633AFA}"
EndProject
Global
	GlobalSection(SolutionConfigurationPlatforms) = preSolution
		Debug|Any CPU = Debug|Any CPU
		Release|Any CPU = Release|Any CPU
	EndGlobalSection
	GlobalSection(ProjectConfigurationPlatforms) = postSolution
		{FFABB979-68F5-4F70-A539-E82226633AFA}.Debug|Any CPU.ActiveCfg = Debug|Any CPU
		{FFABB979-68F5-4F70-A539-E82226633AFA}.Debug|Any CPU.Build.0 = Debug|Any CPU
		{FFABB979-68F5-4F70-A539-E82226633AFA}.Release|Any CPU.ActiveCfg = Release|Any CPU
		{FFABB979-68F5-4F70-A539-E82226633AFA}.Release|Any CPU.Build.0 = Release|Any CPU
	EndGlobalSection
	GlobalSection(SolutionProperties) = preSolution
		HideSolutionNode = FALSE
	EndGlobalSection
	GlobalSection(ExtensibilityGlobals) = postSolution
		SolutionGuid = {1B110CCD-BE46-4640-B228-5CC88C1ACD5B}
	EndGlobalSection
EndGlobal
