
Microsoft Visual Studio Solution File, Format Version 12.00
# Visual Studio Version 16
VisualStudioVersion = 16.0.30907.101
MinimumVisualStudioVersion = 10.0.40219.1
Project("{FAE04EC0-301F-11D3-BF4B-00C04F79EFBC}") = "Browser", "Browser.csproj", "{A1F99AC0-A7FF-4AC7-B01F-2F18A7F466B2}"
EndProject
Global
	GlobalSection(SolutionConfigurationPlatforms) = preSolution
		Debug|Any CPU = Debug|Any CPU
		Release|Any CPU = Release|Any CPU
	EndGlobalSection
	GlobalSection(ProjectConfigurationPlatforms) = postSolution
		{A1F99AC0-A7FF-4AC7-B01F-2F18A7F466B2}.Debug|Any CPU.ActiveCfg = Debug|Any CPU
		{A1F99AC0-A7FF-4AC7-B01F-2F18A7F466B2}.Debug|Any CPU.Build.0 = Debug|Any CPU
		{A1F99AC0-A7FF-4AC7-B01F-2F18A7F466B2}.Release|Any CPU.ActiveCfg = Release|Any CPU
		{A1F99AC0-A7FF-4AC7-B01F-2F18A7F466B2}.Release|Any CPU.Build.0 = Release|Any CPU
	EndGlobalSection
	GlobalSection(SolutionProperties) = preSolution
		HideSolutionNode = FALSE
	EndGlobalSection
	GlobalSection(ExtensibilityGlobals) = postSolution
		SolutionGuid = {481EA933-CE78-499D-889E-A5219B38FA86}
	EndGlobalSection
EndGlobal
