
Microsoft Visual Studio Solution File, Format Version 12.00
# Visual Studio Version 16
VisualStudioVersion = 16.0.31205.134
MinimumVisualStudioVersion = 10.0.40219.1
Project("{FAE04EC0-301F-11D3-BF4B-00C04F79EFBC}") = "Prog", "Prog\Prog.csproj", "{562F31E8-4790-437F-A6A9-15D7FB06FBB9}"
EndProject
Global
	GlobalSection(SolutionConfigurationPlatforms) = preSolution
		Debug|Any CPU = Debug|Any CPU
		Release|Any CPU = Release|Any CPU
	EndGlobalSection
	GlobalSection(ProjectConfigurationPlatforms) = postSolution
		{562F31E8-4790-437F-A6A9-15D7FB06FBB9}.Debug|Any CPU.ActiveCfg = Debug|Any CPU
		{562F31E8-4790-437F-A6A9-15D7FB06FBB9}.Debug|Any CPU.Build.0 = Debug|Any CPU
		{562F31E8-4790-437F-A6A9-15D7FB06FBB9}.Release|Any CPU.ActiveCfg = Release|Any CPU
		{562F31E8-4790-437F-A6A9-15D7FB06FBB9}.Release|Any CPU.Build.0 = Release|Any CPU
	EndGlobalSection
	GlobalSection(SolutionProperties) = preSolution
		HideSolutionNode = FALSE
	EndGlobalSection
	GlobalSection(ExtensibilityGlobals) = postSolution
		SolutionGuid = {C56D931A-A6D4-4183-B01A-193D9C7AE713}
	EndGlobalSection
EndGlobal
