
Microsoft Visual Studio Solution File, Format Version 12.00
# Visual Studio Version 16
VisualStudioVersion = 16.0.31105.61
MinimumVisualStudioVersion = 10.0.40219.1
Project("{FAE04EC0-301F-11D3-BF4B-00C04F79EFBC}") = "TestList", "TestList\TestList.csproj", "{AC651887-B57D-4EA7-9365-3AF46F5D8E8F}"
EndProject
Global
	GlobalSection(SolutionConfigurationPlatforms) = preSolution
		Debug|Any CPU = Debug|Any CPU
		Release|Any CPU = Release|Any CPU
	EndGlobalSection
	GlobalSection(ProjectConfigurationPlatforms) = postSolution
		{AC651887-B57D-4EA7-9365-3AF46F5D8E8F}.Debug|Any CPU.ActiveCfg = Debug|Any CPU
		{AC651887-B57D-4EA7-9365-3AF46F5D8E8F}.Debug|Any CPU.Build.0 = Debug|Any CPU
		{AC651887-B57D-4EA7-9365-3AF46F5D8E8F}.Release|Any CPU.ActiveCfg = Release|Any CPU
		{AC651887-B57D-4EA7-9365-3AF46F5D8E8F}.Release|Any CPU.Build.0 = Release|Any CPU
	EndGlobalSection
	GlobalSection(SolutionProperties) = preSolution
		HideSolutionNode = FALSE
	EndGlobalSection
	GlobalSection(ExtensibilityGlobals) = postSolution
		SolutionGuid = {083B3857-EC77-41C2-9A44-666F2EC647CA}
	EndGlobalSection
EndGlobal
