
Microsoft Visual Studio Solution File, Format Version 12.00
# Visual Studio Version 16
VisualStudioVersion = 16.0.30011.22
MinimumVisualStudioVersion = 10.0.40219.1
Project("{FAE04EC0-301F-11D3-BF4B-00C04F79EFBC}") = "Lab3", "Lab3.csproj", "{CAD23A95-83CF-4CF5-829C-4FA1BB7B86F5}"
EndProject
Global
	GlobalSection(SolutionConfigurationPlatforms) = preSolution
		Debug|Any CPU = Debug|Any CPU
		Release|Any CPU = Release|Any CPU
	EndGlobalSection
	GlobalSection(ProjectConfigurationPlatforms) = postSolution
		{CAD23A95-83CF-4CF5-829C-4FA1BB7B86F5}.Debug|Any CPU.ActiveCfg = Debug|Any CPU
		{CAD23A95-83CF-4CF5-829C-4FA1BB7B86F5}.Debug|Any CPU.Build.0 = Debug|Any CPU
		{CAD23A95-83CF-4CF5-829C-4FA1BB7B86F5}.Release|Any CPU.ActiveCfg = Release|Any CPU
		{CAD23A95-83CF-4CF5-829C-4FA1BB7B86F5}.Release|Any CPU.Build.0 = Release|Any CPU
	EndGlobalSection
	GlobalSection(SolutionProperties) = preSolution
		HideSolutionNode = FALSE
	EndGlobalSection
	GlobalSection(ExtensibilityGlobals) = postSolution
		SolutionGuid = {6E2306B4-B43C-4570-A3AC-9F26EB292293}
	EndGlobalSection
EndGlobal
