
Microsoft Visual Studio Solution File, Format Version 12.00
# Visual Studio Version 16
VisualStudioVersion = 16.0.31702.278
MinimumVisualStudioVersion = 10.0.40219.1
Project("{FAE04EC0-301F-11D3-BF4B-00C04F79EFBC}") = "MO_lab2", "MO_lab2\MO_lab2.csproj", "{0DD1AE72-5594-4360-8F2B-00F6C4248D9D}"
EndProject
Global
	GlobalSection(SolutionConfigurationPlatforms) = preSolution
		Debug|Any CPU = Debug|Any CPU
		Release|Any CPU = Release|Any CPU
	EndGlobalSection
	GlobalSection(ProjectConfigurationPlatforms) = postSolution
		{0DD1AE72-5594-4360-8F2B-00F6C4248D9D}.Debug|Any CPU.ActiveCfg = Debug|Any CPU
		{0DD1AE72-5594-4360-8F2B-00F6C4248D9D}.Debug|Any CPU.Build.0 = Debug|Any CPU
		{0DD1AE72-5594-4360-8F2B-00F6C4248D9D}.Release|Any CPU.ActiveCfg = Release|Any CPU
		{0DD1AE72-5594-4360-8F2B-00F6C4248D9D}.Release|Any CPU.Build.0 = Release|Any CPU
	EndGlobalSection
	GlobalSection(SolutionProperties) = preSolution
		HideSolutionNode = FALSE
	EndGlobalSection
	GlobalSection(ExtensibilityGlobals) = postSolution
		SolutionGuid = {60767420-780B-4E82-918F-ACDF37CF453E}
	EndGlobalSection
EndGlobal
