
Microsoft Visual Studio Solution File, Format Version 12.00
# Visual Studio Version 16
VisualStudioVersion = 16.0.31105.61
MinimumVisualStudioVersion = 10.0.40219.1
Project("{FAE04EC0-301F-11D3-BF4B-00C04F79EFBC}") = "VPPR51", "VPPR51\VPPR51.csproj", "{22738615-9A46-4286-8F11-1315935C50EA}"
EndProject
Global
	GlobalSection(SolutionConfigurationPlatforms) = preSolution
		Debug|Any CPU = Debug|Any CPU
		Release|Any CPU = Release|Any CPU
	EndGlobalSection
	GlobalSection(ProjectConfigurationPlatforms) = postSolution
		{22738615-9A46-4286-8F11-1315935C50EA}.Debug|Any CPU.ActiveCfg = Debug|Any CPU
		{22738615-9A46-4286-8F11-1315935C50EA}.Debug|Any CPU.Build.0 = Debug|Any CPU
		{22738615-9A46-4286-8F11-1315935C50EA}.Release|Any CPU.ActiveCfg = Release|Any CPU
		{22738615-9A46-4286-8F11-1315935C50EA}.Release|Any CPU.Build.0 = Release|Any CPU
	EndGlobalSection
	GlobalSection(SolutionProperties) = preSolution
		HideSolutionNode = FALSE
	EndGlobalSection
	GlobalSection(ExtensibilityGlobals) = postSolution
		SolutionGuid = {0619CFD9-1A22-43EB-BA08-C0A9F53B8915}
	EndGlobalSection
EndGlobal
