
Microsoft Visual Studio Solution File, Format Version 12.00
Project("{FAE04EC0-301F-11D3-BF4B-00C04F79EFBC}") = "NJordanGauss", "NJordanGauss\NJordanGauss.csproj", "{2EF102C0-22D1-41DE-916F-D1D8209B2F7B}"
EndProject
Global
	GlobalSection(SolutionConfigurationPlatforms) = preSolution
		Debug|Any CPU = Debug|Any CPU
		Release|Any CPU = Release|Any CPU
	EndGlobalSection
	GlobalSection(ProjectConfigurationPlatforms) = postSolution
		{2EF102C0-22D1-41DE-916F-D1D8209B2F7B}.Debug|Any CPU.ActiveCfg = Debug|Any CPU
		{2EF102C0-22D1-41DE-916F-D1D8209B2F7B}.Debug|Any CPU.Build.0 = Debug|Any CPU
		{2EF102C0-22D1-41DE-916F-D1D8209B2F7B}.Release|Any CPU.ActiveCfg = Release|Any CPU
		{2EF102C0-22D1-41DE-916F-D1D8209B2F7B}.Release|Any CPU.Build.0 = Release|Any CPU
	EndGlobalSection
EndGlobal
