
Microsoft Visual Studio Solution File, Format Version 12.00
# Visual Studio Version 16
VisualStudioVersion = 16.0.29306.81
MinimumVisualStudioVersion = 10.0.40219.1
Project("{FAE04EC0-301F-11D3-BF4B-00C04F79EFBC}") = "GrafBuilder", "GrafBuilder\GrafBuilder.csproj", "{714ABDD4-2E3B-430F-8B2C-A678B3A0CAAB}"
EndProject
Global
	GlobalSection(SolutionConfigurationPlatforms) = preSolution
		Debug|Any CPU = Debug|Any CPU
		Release|Any CPU = Release|Any CPU
	EndGlobalSection
	GlobalSection(ProjectConfigurationPlatforms) = postSolution
		{714ABDD4-2E3B-430F-8B2C-A678B3A0CAAB}.Debug|Any CPU.ActiveCfg = Debug|Any CPU
		{714ABDD4-2E3B-430F-8B2C-A678B3A0CAAB}.Debug|Any CPU.Build.0 = Debug|Any CPU
		{714ABDD4-2E3B-430F-8B2C-A678B3A0CAAB}.Release|Any CPU.ActiveCfg = Release|Any CPU
		{714ABDD4-2E3B-430F-8B2C-A678B3A0CAAB}.Release|Any CPU.Build.0 = Release|Any CPU
	EndGlobalSection
	GlobalSection(SolutionProperties) = preSolution
		HideSolutionNode = FALSE
	EndGlobalSection
	GlobalSection(ExtensibilityGlobals) = postSolution
		SolutionGuid = {DA59B9F7-A87A-4BB7-887F-72E0F90ACF63}
	EndGlobalSection
EndGlobal
