
Microsoft Visual Studio Solution File, Format Version 12.00
# Visual Studio Version 16
VisualStudioVersion = 16.0.30128.74
MinimumVisualStudioVersion = 10.0.40219.1
Project("{FAE04EC0-301F-11D3-BF4B-00C04F79EFBC}") = "Program", "Program\Program.csproj", "{ECB5BEBA-7AE4-4E9A-B54C-F959DDB39618}"
EndProject
Global
	GlobalSection(SolutionConfigurationPlatforms) = preSolution
		Debug|Any CPU = Debug|Any CPU
		Release|Any CPU = Release|Any CPU
	EndGlobalSection
	GlobalSection(ProjectConfigurationPlatforms) = postSolution
		{ECB5BEBA-7AE4-4E9A-B54C-F959DDB39618}.Debug|Any CPU.ActiveCfg = Debug|Any CPU
		{ECB5BEBA-7AE4-4E9A-B54C-F959DDB39618}.Debug|Any CPU.Build.0 = Debug|Any CPU
		{ECB5BEBA-7AE4-4E9A-B54C-F959DDB39618}.Release|Any CPU.ActiveCfg = Release|Any CPU
		{ECB5BEBA-7AE4-4E9A-B54C-F959DDB39618}.Release|Any CPU.Build.0 = Release|Any CPU
	EndGlobalSection
	GlobalSection(SolutionProperties) = preSolution
		HideSolutionNode = FALSE
	EndGlobalSection
	GlobalSection(ExtensibilityGlobals) = postSolution
		SolutionGuid = {118C1414-0C92-43CF-B024-53628D58C90D}
	EndGlobalSection
EndGlobal
