
Microsoft Visual Studio Solution File, Format Version 12.00
# Visual Studio Version 16
VisualStudioVersion = 16.0.30907.101
MinimumVisualStudioVersion = 10.0.40219.1
Project("{FAE04EC0-301F-11D3-BF4B-00C04F79EFBC}") = "Examen", "Examen\Examen.csproj", "{44AA9A71-2D40-42AF-AC82-B4BD4AFA8529}"
EndProject
Global
	GlobalSection(SolutionConfigurationPlatforms) = preSolution
		Debug|Any CPU = Debug|Any CPU
		Release|Any CPU = Release|Any CPU
	EndGlobalSection
	GlobalSection(ProjectConfigurationPlatforms) = postSolution
		{44AA9A71-2D40-42AF-AC82-B4BD4AFA8529}.Debug|Any CPU.ActiveCfg = Debug|Any CPU
		{44AA9A71-2D40-42AF-AC82-B4BD4AFA8529}.Debug|Any CPU.Build.0 = Debug|Any CPU
		{44AA9A71-2D40-42AF-AC82-B4BD4AFA8529}.Release|Any CPU.ActiveCfg = Release|Any CPU
		{44AA9A71-2D40-42AF-AC82-B4BD4AFA8529}.Release|Any CPU.Build.0 = Release|Any CPU
	EndGlobalSection
	GlobalSection(SolutionProperties) = preSolution
		HideSolutionNode = FALSE
	EndGlobalSection
	GlobalSection(ExtensibilityGlobals) = postSolution
		SolutionGuid = {DC2CFC5D-4A09-43D0-95D9-1FE008A757E5}
	EndGlobalSection
EndGlobal
